
Microsoft Visual Studio Solution File, Format Version 12.00
# Visual Studio Version 17
VisualStudioVersion = 17.4.33213.308
MinimumVisualStudioVersion = 10.0.40219.1
Project("{9A19103F-16F7-4668-BE54-9A1E7A4F7556}") = "AM.UI.Console", "AM.UI.Console\AM.UI.Console.csproj", "{B09591A6-7295-4AC8-9E7A-3FA235D239A4}"
EndProject
Project("{9A19103F-16F7-4668-BE54-9A1E7A4F7556}") = "AM.ApplicationCore", "AM.ApplicationCore\AM.ApplicationCore.csproj", "{568E743C-2BD6-45A7-8D7E-FAF529DA3D07}"
EndProject
Project("{FAE04EC0-301F-11D3-BF4B-00C04F79EFBC}") = "AM.Infrastructure", "AM.Infrastructure\AM.Infrastructure.csproj", "{4C163C0A-4136-45F8-ADFD-73F1E3DAE889}"
EndProject
Global
	GlobalSection(SolutionConfigurationPlatforms) = preSolution
		Debug|Any CPU = Debug|Any CPU
		Release|Any CPU = Release|Any CPU
	EndGlobalSection
	GlobalSection(ProjectConfigurationPlatforms) = postSolution
		{B09591A6-7295-4AC8-9E7A-3FA235D239A4}.Debug|Any CPU.ActiveCfg = Debug|Any CPU
		{B09591A6-7295-4AC8-9E7A-3FA235D239A4}.Debug|Any CPU.Build.0 = Debug|Any CPU
		{B09591A6-7295-4AC8-9E7A-3FA235D239A4}.Release|Any CPU.ActiveCfg = Release|Any CPU
		{B09591A6-7295-4AC8-9E7A-3FA235D239A4}.Release|Any CPU.Build.0 = Release|Any CPU
		{568E743C-2BD6-45A7-8D7E-FAF529DA3D07}.Debug|Any CPU.ActiveCfg = Debug|Any CPU
		{568E743C-2BD6-45A7-8D7E-FAF529DA3D07}.Debug|Any CPU.Build.0 = Debug|Any CPU
		{568E743C-2BD6-45A7-8D7E-FAF529DA3D07}.Release|Any CPU.ActiveCfg = Release|Any CPU
		{568E743C-2BD6-45A7-8D7E-FAF529DA3D07}.Release|Any CPU.Build.0 = Release|Any CPU
		{4C163C0A-4136-45F8-ADFD-73F1E3DAE889}.Debug|Any CPU.ActiveCfg = Debug|Any CPU
		{4C163C0A-4136-45F8-ADFD-73F1E3DAE889}.Debug|Any CPU.Build.0 = Debug|Any CPU
		{4C163C0A-4136-45F8-ADFD-73F1E3DAE889}.Release|Any CPU.ActiveCfg = Release|Any CPU
		{4C163C0A-4136-45F8-ADFD-73F1E3DAE889}.Release|Any CPU.Build.0 = Release|Any CPU
	EndGlobalSection
	GlobalSection(SolutionProperties) = preSolution
		HideSolutionNode = FALSE
	EndGlobalSection
	GlobalSection(ExtensibilityGlobals) = postSolution
		SolutionGuid = {C90E735D-A3C3-431A-AF7A-B47FEAE4EC25}
	EndGlobalSection
EndGlobal
